
Microsoft Visual Studio Solution File, Format Version 12.00
# Visual Studio 15
VisualStudioVersion = 15.0.28010.2048
MinimumVisualStudioVersion = 10.0.40219.1
Project("{FAE04EC0-301F-11D3-BF4B-00C04F79EFBC}") = "Forms", "MainForm\Forms.csproj", "{17DE99FC-B4C1-4070-A627-2F091C7B6882}"
EndProject
Global
	GlobalSection(SolutionConfigurationPlatforms) = preSolution
		Debug|Any CPU = Debug|Any CPU
		Release|Any CPU = Release|Any CPU
	EndGlobalSection
	GlobalSection(ProjectConfigurationPlatforms) = postSolution
		{17DE99FC-B4C1-4070-A627-2F091C7B6882}.Debug|Any CPU.ActiveCfg = Debug|Any CPU
		{17DE99FC-B4C1-4070-A627-2F091C7B6882}.Debug|Any CPU.Build.0 = Debug|Any CPU
		{17DE99FC-B4C1-4070-A627-2F091C7B6882}.Release|Any CPU.ActiveCfg = Release|Any CPU
		{17DE99FC-B4C1-4070-A627-2F091C7B6882}.Release|Any CPU.Build.0 = Release|Any CPU
	EndGlobalSection
	GlobalSection(SolutionProperties) = preSolution
		HideSolutionNode = FALSE
	EndGlobalSection
	GlobalSection(ExtensibilityGlobals) = postSolution
		SolutionGuid = {769DF286-99A8-49C5-AC01-2E40CFFFA3F7}
	EndGlobalSection
EndGlobal
